{
  "version": "3",
  "packages": {
    "specifiers": {
      "jsr:@gnome/ansi@^0.0.0": "jsr:@gnome/ansi@0.0.0",
      "jsr:@gnome/char@^0.0.0": "jsr:@gnome/char@0.0.0",
      "jsr:@gnome/env@^0.1.0": "jsr:@gnome/env@0.1.0",
      "jsr:@gnome/errors@^0.0.0": "jsr:@gnome/errors@0.0.0",
      "jsr:@gnome/exec@^0.4.2": "jsr:@gnome/exec@0.4.2",
      "jsr:@gnome/fs@^0.0.0": "jsr:@gnome/fs@0.0.0",
      "jsr:@gnome/fs@^0.1.0": "jsr:@gnome/fs@0.1.0",
      "jsr:@gnome/os-constants@^0.0.0": "jsr:@gnome/os-constants@0.0.0",
      "jsr:@gnome/runtime-constants@^0.0.0": "jsr:@gnome/runtime-constants@0.0.0",
      "jsr:@gnome/runtime-info@^0.0.0": "jsr:@gnome/runtime-info@0.0.0",
      "jsr:@gnome/secrets@^0.0.0": "jsr:@gnome/secrets@0.0.0",
      "jsr:@gnome/ssh-cli": "jsr:@gnome/ssh-cli@0.0.0",
      "jsr:@gnome/strings@^0.1.0": "jsr:@gnome/strings@0.1.0",
      "jsr:@std/assert@0.225.3": "jsr:@std/assert@0.225.3",
      "jsr:@std/assert@^0.224.0": "jsr:@std/assert@0.224.0",
      "jsr:@std/dotenv@^0.224.0": "jsr:@std/dotenv@0.224.0",
      "jsr:@std/fmt@^0.225.2": "jsr:@std/fmt@0.225.2",
      "jsr:@std/internal@^1.0.0": "jsr:@std/internal@1.0.0",
      "jsr:@std/path@^0.224.0": "jsr:@std/path@0.224.0",
      "npm:@types/node": "npm:@types/node@18.16.19"
    },
    "jsr": {
      "@gnome/ansi@0.0.0": {
        "integrity": "7bca5217d6d7a28188faba919d6d8b59cefcb97fba580315de88a0b4501a1f36",
        "dependencies": [
          "jsr:@gnome/env@^0.1.0",
          "jsr:@gnome/os-constants@^0.0.0",
          "jsr:@gnome/strings@^0.1.0",
          "jsr:@std/fmt@^0.225.2"
        ]
      },
      "@gnome/char@0.0.0": {
        "integrity": "e4791f67aa6b8e32e603b3e2fd21a3f1d0b4c9a2ac9465ff22a71c8476b24be5"
      },
      "@gnome/env@0.1.0": {
        "integrity": "f9883914317486ab5728794aaf4fb7f78b81490b4bd7b6c5fe1c4974196fe4da",
        "dependencies": [
          "jsr:@gnome/char@^0.0.0",
          "jsr:@gnome/os-constants@^0.0.0",
          "jsr:@gnome/strings@^0.1.0"
        ]
      },
      "@gnome/errors@0.0.0": {
        "integrity": "d288a695ea6f368082435382245d69366a26ebae707a78fc573eb6996c55185e"
      },
      "@gnome/exec@0.4.2": {
        "integrity": "b0a8ca96a70bc387ccea67bfa9ae57f00251eb7c4cec55296baca5133e5eb052",
        "dependencies": [
          "jsr:@gnome/env@^0.1.0",
          "jsr:@gnome/errors@^0.0.0",
          "jsr:@gnome/fs@^0.0.0",
          "jsr:@gnome/os-constants@^0.0.0",
          "jsr:@gnome/strings@^0.1.0",
          "jsr:@std/path@^0.224.0"
        ]
      },
      "@gnome/fs@0.0.0": {
        "integrity": "2345f5ad7b0cc264ba3da59ce26e8f825a268c960a32e3b7c049f5b4f5b3efbf",
        "dependencies": [
          "jsr:@gnome/runtime-constants@^0.0.0"
        ]
      },
      "@gnome/fs@0.1.0": {
        "integrity": "b60c1d2197f59ec826664e38822d02ef8a61a868acb20aa9ab4ff1dfc812ea07",
        "dependencies": [
          "jsr:@gnome/errors@^0.0.0",
          "jsr:@gnome/os-constants@^0.0.0",
          "jsr:@gnome/runtime-constants@^0.0.0",
          "jsr:@std/path@^0.224.0"
        ]
      },
      "@gnome/os-constants@0.0.0": {
        "integrity": "46f1ac1ddaef0d55fc03d256ec6ee6441918910b0c65c97afaf9ec8ced0f8087",
        "dependencies": [
          "jsr:@gnome/runtime-info@^0.0.0"
        ]
      },
      "@gnome/runtime-constants@0.0.0": {
        "integrity": "8f0a2e3a53dc3fdb4b57acc9f4e9042326462eac3a80e87d231399fafe0f3ec6"
      },
      "@gnome/runtime-info@0.0.0": {
        "integrity": "f803de221c579a7e9e3391949e458895ea4c5620561961598efd91b581e58cfd"
      },
      "@gnome/secrets@0.0.0": {
        "integrity": "95f31b02714f96480b8fd90192d192a3db1c13253384d9ccb955a72f183a9f06"
      },
      "@gnome/ssh-cli@0.0.0": {
        "integrity": "d109e1c2efa98093af9b878d5785f58c4c002c071e77bc40e1b953070633b445",
        "dependencies": [
          "jsr:@gnome/exec@^0.4.2"
        ]
      },
      "@gnome/strings@0.1.0": {
        "integrity": "67445d4a81188a988e48e8bef8afa7b7c1099b3430a0871a15ee8f5d81368089",
        "dependencies": [
          "jsr:@gnome/char@^0.0.0",
          "jsr:@gnome/errors@^0.0.0"
        ]
      },
      "@std/assert@0.224.0": {
        "integrity": "8643233ec7aec38a940a8264a6e3eed9bfa44e7a71cc6b3c8874213ff401967f"
      },
      "@std/assert@0.225.3": {
        "integrity": "b3c2847aecf6955b50644cdb9cf072004ea3d1998dd7579fc0acb99dbb23bd4f",
        "dependencies": [
          "jsr:@std/internal@^1.0.0"
        ]
      },
      "@std/dotenv@0.224.0": {
        "integrity": "d9234cdf551507dcda60abb6c474289843741d8c07ee8ce540c60f5c1b220a1d"
      },
      "@std/fmt@0.225.2": {
        "integrity": "8a2d157586372f9d5e74cdf0f463a828dee5d09d7de10e56394d8f20dbb5bf26"
      },
      "@std/internal@1.0.0": {
        "integrity": "ac6a6dfebf838582c4b4f61a6907374e27e05bedb6ce276e0f1608fe84e7cd9a"
      },
      "@std/path@0.224.0": {
        "integrity": "55bca6361e5a6d158b9380e82d4981d82d338ec587de02951e2b7c3a24910ee6",
        "dependencies": [
          "jsr:@std/assert@^0.224.0"
        ]
      }
    },
    "npm": {
      "@types/node@18.16.19": {
        "integrity": "sha512-IXl7o+R9iti9eBW4Wg2hx1xQDig183jj7YLn8F7udNceyfkbn1ZxmzZXuak20gR40D7pIkIY1kYGx5VIGbaHKA==",
        "dependencies": {}
      }
    }
  },
  "remote": {},
  "workspace": {
    "dependencies": [
      "jsr:@gnome/ansi@^0.0.0",
      "jsr:@gnome/env@^0.1.0",
      "jsr:@gnome/fs@^0.1.0",
      "jsr:@gnome/secrets@^0.0.0",
      "jsr:@std/dotenv@^0.224.0",
      "jsr:@std/fmt@^0.225.2"
    ]
  }
}
